{
  "lockfile_version": "1",
  "packages": {
    "age@latest": {
      "last_modified": "2025-11-23T21:50:36Z",
      "resolved": "github:NixOS/nixpkgs/ee09932cedcef15aaf476f9343d1dea2cb77e261#age",
      "source": "devbox-search",
      "version": "1.2.1",
      "systems": {
        "aarch64-darwin": {
          "outputs": [
            {
              "name": "out",
              "path": "/nix/store/gfbrwpq3gz8pimv8jnnnf9n81pgdkqy6-age-1.2.1",
              "default": true
            }
          ],
          "store_path": "/nix/store/gfbrwpq3gz8pimv8jnnnf9n81pgdkqy6-age-1.2.1"
        },
        "aarch64-linux": {
          "outputs": [
            {
              "name": "out",
              "path": "/nix/store/dp4cnyb1hcxqmk3jmj42h8vwiy6qyzx9-age-1.2.1",
              "default": true
            }
          ],
          "store_path": "/nix/store/dp4cnyb1hcxqmk3jmj42h8vwiy6qyzx9-age-1.2.1"
        },
        "x86_64-darwin": {
          "outputs": [
            {
              "name": "out",
              "path": "/nix/store/w58dc399xn7idm5y8g2q2j1bf2q6sbgx-age-1.2.1",
              "default": true
            }
          ],
          "store_path": "/nix/store/w58dc399xn7idm5y8g2q2j1bf2q6sbgx-age-1.2.1"
        },
        "x86_64-linux": {
          "outputs": [
            {
              "name": "out",
              "path": "/nix/store/vzjkjvfy1y6g7jjqfxnma6mkvf1qsn51-age-1.2.1",
              "default": true
            }
          ],
          "store_path": "/nix/store/vzjkjvfy1y6g7jjqfxnma6mkvf1qsn51-age-1.2.1"
        }
      }
    },
    "ansible@latest": {
      "last_modified": "2025-12-09T08:49:39Z",
      "resolved": "github:NixOS/nixpkgs/677fbe97984e7af3175b6c121f3c39ee5c8d62c9#ansible",
      "source": "devbox-search",
      "version": "2.20.0",
      "systems": {
        "aarch64-darwin": {
          "outputs": [
            {
              "name": "out",
              "path": "/nix/store/kdh2raajlljsf6cqybxv1gd732wkb876-python3.13-ansible-core-2.20.0",
              "default": true
            },
            {
              "name": "dist",
              "path": "/nix/store/7rc6lql3sckbanb1f76vzpp6xh5szp5a-python3.13-ansible-core-2.20.0-dist"
            }
          ],
          "store_path": "/nix/store/kdh2raajlljsf6cqybxv1gd732wkb876-python3.13-ansible-core-2.20.0"
        },
        "aarch64-linux": {
          "outputs": [
            {
              "name": "out",
              "path": "/nix/store/r65gjdajxcq4hwl91scs8zv5h0lfq6z7-python3.13-ansible-core-2.20.0",
              "default": true
            },
            {
              "name": "dist",
              "path": "/nix/store/b021ghr95wb42vcfmb44xy345diysc67-python3.13-ansible-core-2.20.0-dist"
            }
          ],
          "store_path": "/nix/store/r65gjdajxcq4hwl91scs8zv5h0lfq6z7-python3.13-ansible-core-2.20.0"
        },
        "x86_64-darwin": {
          "outputs": [
            {
              "name": "out",
              "path": "/nix/store/8220s1viwww7jr51gdgs26dk4rfh9jqg-python3.13-ansible-core-2.20.0",
              "default": true
            },
            {
              "name": "dist",
              "path": "/nix/store/9silcg7cw0iclnxv91gd9wwgms5gbi8l-python3.13-ansible-core-2.20.0-dist"
            }
          ],
          "store_path": "/nix/store/8220s1viwww7jr51gdgs26dk4rfh9jqg-python3.13-ansible-core-2.20.0"
        },
        "x86_64-linux": {
          "outputs": [
            {
              "name": "out",
              "path": "/nix/store/06p0i8w8zqrinjwldnypkva8s6ivz0r0-python3.13-ansible-core-2.20.0",
              "default": true
            },
            {
              "name": "dist",
              "path": "/nix/store/5s6z11z3fm13iz3baczdnd96kmhzn8k6-python3.13-ansible-core-2.20.0-dist"
            }
          ],
          "store_path": "/nix/store/06p0i8w8zqrinjwldnypkva8s6ivz0r0-python3.13-ansible-core-2.20.0"
        }
      }
    },
    "argocd@latest": {
      "last_modified": "2025-11-23T21:50:36Z",
      "resolved": "github:NixOS/nixpkgs/ee09932cedcef15aaf476f9343d1dea2cb77e261#argocd",
      "source": "devbox-search",
      "version": "3.1.9",
      "systems": {
        "aarch64-darwin": {
          "outputs": [
            {
              "name": "out",
              "path": "/nix/store/p3rfa465qq64labdlpd9lwa439x2k82q-argocd-3.1.9",
              "default": true
            }
          ],
          "store_path": "/nix/store/p3rfa465qq64labdlpd9lwa439x2k82q-argocd-3.1.9"
        },
        "aarch64-linux": {
          "outputs": [
            {
              "name": "out",
              "path": "/nix/store/m6lkhgv5p8z7rjl0lm1fix0ncmd60s45-argocd-3.1.9",
              "default": true
            }
          ],
          "store_path": "/nix/store/m6lkhgv5p8z7rjl0lm1fix0ncmd60s45-argocd-3.1.9"
        },
        "x86_64-darwin": {
          "outputs": [
            {
              "name": "out",
              "path": "/nix/store/bczgz1zkigcgqkpsivakz6pxzhqvvcfx-argocd-3.1.9",
              "default": true
            }
          ],
          "store_path": "/nix/store/bczgz1zkigcgqkpsivakz6pxzhqvvcfx-argocd-3.1.9"
        },
        "x86_64-linux": {
          "outputs": [
            {
              "name": "out",
              "path": "/nix/store/fsgh0lgm11qwz81q229k19xk92b0bwsy-argocd-3.1.9",
              "default": true
            }
          ],
          "store_path": "/nix/store/fsgh0lgm11qwz81q229k19xk92b0bwsy-argocd-3.1.9"
        }
      }
    },
    "caddy@latest": {
      "last_modified": "2025-11-26T06:22:50Z",
      "plugin_version": "0.0.3",
      "resolved": "github:NixOS/nixpkgs/bb813de6d2241bcb1b5af2d3059f560c66329967#caddy",
      "source": "devbox-search",
      "version": "2.10.2",
      "systems": {
        "aarch64-darwin": {
          "outputs": [
            {
              "name": "out",
              "path": "/nix/store/b97hl9fpykx0hfbpjjkyyx3r47vygkjx-caddy-2.10.2",
              "default": true
            }
          ],
          "store_path": "/nix/store/b97hl9fpykx0hfbpjjkyyx3r47vygkjx-caddy-2.10.2"
        },
        "aarch64-linux": {
          "outputs": [
            {
              "name": "out",
              "path": "/nix/store/r501mynih1hjjh30nyiwsyghscylb82h-caddy-2.10.2",
              "default": true
            }
          ],
          "store_path": "/nix/store/r501mynih1hjjh30nyiwsyghscylb82h-caddy-2.10.2"
        },
        "x86_64-darwin": {
          "outputs": [
            {
              "name": "out",
              "path": "/nix/store/mc08ayixbammhmygnziqfs1dr5fivqlj-caddy-2.10.2",
              "default": true
            }
          ],
          "store_path": "/nix/store/mc08ayixbammhmygnziqfs1dr5fivqlj-caddy-2.10.2"
        },
        "x86_64-linux": {
          "outputs": [
            {
              "name": "out",
              "path": "/nix/store/hq1123yp4m1rf0b1z9wp7c3wqm47569i-caddy-2.10.2",
              "default": true
            }
          ],
          "store_path": "/nix/store/hq1123yp4m1rf0b1z9wp7c3wqm47569i-caddy-2.10.2"
        }
      }
    },
    "cilium-cli@latest": {
      "last_modified": "2025-11-23T21:50:36Z",
      "resolved": "github:NixOS/nixpkgs/ee09932cedcef15aaf476f9343d1dea2cb77e261#cilium-cli",
      "source": "devbox-search",
      "version": "0.18.8",
      "systems": {
        "aarch64-darwin": {
          "outputs": [
            {
              "name": "out",
              "path": "/nix/store/arrn3yh7cf7rp8ydqh1w60ry5wb9c6nh-cilium-cli-0.18.8",
              "default": true
            }
          ],
          "store_path": "/nix/store/arrn3yh7cf7rp8ydqh1w60ry5wb9c6nh-cilium-cli-0.18.8"
        },
        "aarch64-linux": {
          "outputs": [
            {
              "name": "out",
              "path": "/nix/store/qahfw3s2gn3ggalgwp2h9y667m5fr5xr-cilium-cli-0.18.8",
              "default": true
            }
          ],
          "store_path": "/nix/store/qahfw3s2gn3ggalgwp2h9y667m5fr5xr-cilium-cli-0.18.8"
        },
        "x86_64-darwin": {
          "outputs": [
            {
              "name": "out",
              "path": "/nix/store/ljdqda5fvrvc5fln0g9rcyfpj65f02rf-cilium-cli-0.18.8",
              "default": true
            }
          ],
          "store_path": "/nix/store/ljdqda5fvrvc5fln0g9rcyfpj65f02rf-cilium-cli-0.18.8"
        },
        "x86_64-linux": {
          "outputs": [
            {
              "name": "out",
              "path": "/nix/store/rbn2sksain1wzmxjjfpmc0slkdhbbb36-cilium-cli-0.18.8",
              "default": true
            }
          ],
          "store_path": "/nix/store/rbn2sksain1wzmxjjfpmc0slkdhbbb36-cilium-cli-0.18.8"
        }
      }
    },
    "cloud-init@latest": {
      "last_modified": "2025-11-23T21:50:36Z",
      "resolved": "github:NixOS/nixpkgs/ee09932cedcef15aaf476f9343d1dea2cb77e261#cloud-init",
      "source": "devbox-search",
      "version": "25.2",
      "systems": {
        "aarch64-linux": {
          "outputs": [
            {
              "name": "out",
              "path": "/nix/store/gl4mqg8df0jmlxdr50jgnb56r9igz68s-cloud-init-25.2",
              "default": true
            },
            {
              "name": "dist",
              "path": "/nix/store/f4xs7y3lljff0y32shzsp949jkmx4rar-cloud-init-25.2-dist"
            }
          ],
          "store_path": "/nix/store/gl4mqg8df0jmlxdr50jgnb56r9igz68s-cloud-init-25.2"
        },
        "x86_64-linux": {
          "outputs": [
            {
              "name": "out",
              "path": "/nix/store/pmaj8pml2d76g8pwsigcjyisaslwy6ny-cloud-init-25.2",
              "default": true
            },
            {
              "name": "dist",
              "path": "/nix/store/i5qrzksy4mywk1i7qiphcfkzqzq71nka-cloud-init-25.2-dist"
            }
          ],
          "store_path": "/nix/store/pmaj8pml2d76g8pwsigcjyisaslwy6ny-cloud-init-25.2"
        }
      }
    },
    "cmctl@latest": {
      "last_modified": "2025-11-23T21:50:36Z",
      "resolved": "github:NixOS/nixpkgs/ee09932cedcef15aaf476f9343d1dea2cb77e261#cmctl",
      "source": "devbox-search",
      "version": "2.3.0",
      "systems": {
        "aarch64-darwin": {
          "outputs": [
            {
              "name": "out",
              "path": "/nix/store/k7lj7xyzncj4kb0g6b051c9w6dcpgh6q-cmctl-2.3.0",
              "default": true
            }
          ],
          "store_path": "/nix/store/k7lj7xyzncj4kb0g6b051c9w6dcpgh6q-cmctl-2.3.0"
        },
        "aarch64-linux": {
          "outputs": [
            {
              "name": "out",
              "path": "/nix/store/82x5gdr19ylp5dfbaa57s24jfy1vxixq-cmctl-2.3.0",
              "default": true
            }
          ],
          "store_path": "/nix/store/82x5gdr19ylp5dfbaa57s24jfy1vxixq-cmctl-2.3.0"
        },
        "x86_64-darwin": {
          "outputs": [
            {
              "name": "out",
              "path": "/nix/store/378l39y6a0q9ask04qva1kb613mpprn0-cmctl-2.3.0",
              "default": true
            }
          ],
          "store_path": "/nix/store/378l39y6a0q9ask04qva1kb613mpprn0-cmctl-2.3.0"
        },
        "x86_64-linux": {
          "outputs": [
            {
              "name": "out",
              "path": "/nix/store/dashf2d7cyyb4hpsvil3s26d3m26jq08-cmctl-2.3.0",
              "default": true
            }
          ],
          "store_path": "/nix/store/dashf2d7cyyb4hpsvil3s26d3m26jq08-cmctl-2.3.0"
        }
      }
    },
    "garage@latest": {
      "last_modified": "2025-11-23T21:50:36Z",
      "resolved": "github:NixOS/nixpkgs/ee09932cedcef15aaf476f9343d1dea2cb77e261#garage",
      "source": "devbox-search",
      "version": "1.3.0",
      "systems": {
        "aarch64-darwin": {
          "outputs": [
            {
              "name": "out",
              "path": "/nix/store/g21i19dv4zhrs2v0ndvg4wglypn55bjv-garage-1.3.0",
              "default": true
            }
          ],
          "store_path": "/nix/store/g21i19dv4zhrs2v0ndvg4wglypn55bjv-garage-1.3.0"
        },
        "aarch64-linux": {
          "outputs": [
            {
              "name": "out",
              "path": "/nix/store/dlqa57nkan8hng7rrxwj7q7s74ya1n51-garage-1.3.0",
              "default": true
            }
          ],
          "store_path": "/nix/store/dlqa57nkan8hng7rrxwj7q7s74ya1n51-garage-1.3.0"
        },
        "x86_64-darwin": {
          "outputs": [
            {
              "name": "out",
              "path": "/nix/store/ib0dnqdndhcv57qwcnghxy8x0y74b8lb-garage-1.3.0",
              "default": true
            }
          ],
          "store_path": "/nix/store/ib0dnqdndhcv57qwcnghxy8x0y74b8lb-garage-1.3.0"
        },
        "x86_64-linux": {
          "outputs": [
            {
              "name": "out",
              "path": "/nix/store/mbwjpffav57vymsd0abjasiqrvr2yyki-garage-1.3.0",
              "default": true
            }
          ],
          "store_path": "/nix/store/mbwjpffav57vymsd0abjasiqrvr2yyki-garage-1.3.0"
        }
      }
    },
    "github:NixOS/nixpkgs/nixpkgs-unstable": {
      "last_modified": "2025-12-27T12:56:01Z",
      "resolved": "github:NixOS/nixpkgs/3edc4a30ed3903fdf6f90c837f961fa6b49582d1?lastModified=1766840161&narHash=sha256-Ss%2FLHpJJsng8vz1Pe33RSGIWUOcqM1fjrehjUkdrWio%3D"
    },
    "gomplate@latest": {
      "last_modified": "2025-11-23T21:50:36Z",
      "resolved": "github:NixOS/nixpkgs/ee09932cedcef15aaf476f9343d1dea2cb77e261#gomplate",
      "source": "devbox-search",
      "version": "4.3.3",
      "systems": {
        "aarch64-darwin": {
          "outputs": [
            {
              "name": "out",
              "path": "/nix/store/54l2070c1nn8dkrd0md2k024fw1kzfr2-gomplate-4.3.3",
              "default": true
            }
          ],
          "store_path": "/nix/store/54l2070c1nn8dkrd0md2k024fw1kzfr2-gomplate-4.3.3"
        },
        "aarch64-linux": {
          "outputs": [
            {
              "name": "out",
              "path": "/nix/store/0s9hycm3j9fq1vb57blv0w6hkiaa0pq8-gomplate-4.3.3",
              "default": true
            }
          ],
          "store_path": "/nix/store/0s9hycm3j9fq1vb57blv0w6hkiaa0pq8-gomplate-4.3.3"
        },
        "x86_64-darwin": {
          "outputs": [
            {
              "name": "out",
              "path": "/nix/store/7ia0c899i67ajzjz977vad8lp33xcby4-gomplate-4.3.3",
              "default": true
            }
          ],
          "store_path": "/nix/store/7ia0c899i67ajzjz977vad8lp33xcby4-gomplate-4.3.3"
        },
        "x86_64-linux": {
          "outputs": [
            {
              "name": "out",
              "path": "/nix/store/s39rw9v4frw4h5czsrcjazjam1ah0kp4-gomplate-4.3.3",
              "default": true
            }
          ],
          "store_path": "/nix/store/s39rw9v4frw4h5czsrcjazjam1ah0kp4-gomplate-4.3.3"
        }
      }
    },
    "grafana-alloy@latest": {
      "last_modified": "2025-11-23T21:50:36Z",
      "resolved": "github:NixOS/nixpkgs/ee09932cedcef15aaf476f9343d1dea2cb77e261#grafana-alloy",
      "source": "devbox-search",
      "version": "1.11.3",
      "systems": {
        "aarch64-darwin": {
          "outputs": [
            {
              "name": "out",
              "path": "/nix/store/s5fsp7yyrg85kf642ga43yaxfk5xhhqm-grafana-alloy-1.11.3",
              "default": true
            }
          ],
          "store_path": "/nix/store/s5fsp7yyrg85kf642ga43yaxfk5xhhqm-grafana-alloy-1.11.3"
        },
        "aarch64-linux": {
          "outputs": [
            {
              "name": "out",
              "path": "/nix/store/xz5rvf7v2qrqfvj3xzq0qjpl5jaivmkp-grafana-alloy-1.11.3",
              "default": true
            }
          ],
          "store_path": "/nix/store/xz5rvf7v2qrqfvj3xzq0qjpl5jaivmkp-grafana-alloy-1.11.3"
        },
        "x86_64-darwin": {
          "outputs": [
            {
              "name": "out",
              "path": "/nix/store/00rhpyljf69fgbffiikfzcb6irz5jway-grafana-alloy-1.11.3",
              "default": true
            }
          ],
          "store_path": "/nix/store/00rhpyljf69fgbffiikfzcb6irz5jway-grafana-alloy-1.11.3"
        },
        "x86_64-linux": {
          "outputs": [
            {
              "name": "out",
              "path": "/nix/store/bql9myj764qpgpgnb3kf0iypa7l6cp0h-grafana-alloy-1.11.3",
              "default": true
            }
          ],
          "store_path": "/nix/store/bql9myj764qpgpgnb3kf0iypa7l6cp0h-grafana-alloy-1.11.3"
        }
      }
    },
    "haproxy@latest": {
      "last_modified": "2025-12-03T20:43:00Z",
      "resolved": "github:NixOS/nixpkgs/ebc94f855ef25347c314258c10393a92794e7ab9#haproxy",
      "source": "devbox-search",
      "version": "3.3.0",
      "systems": {
        "aarch64-darwin": {
          "outputs": [
            {
              "name": "out",
              "path": "/nix/store/kwlzk4inql44b8dqll5ac08vagnvw756-haproxy-3.3.0",
              "default": true
            }
          ],
          "store_path": "/nix/store/kwlzk4inql44b8dqll5ac08vagnvw756-haproxy-3.3.0"
        },
        "aarch64-linux": {
          "outputs": [
            {
              "name": "out",
              "path": "/nix/store/dxq5yr5z928jqxw1phki04d1dqdypv7l-haproxy-3.3.0",
              "default": true
            }
          ],
          "store_path": "/nix/store/dxq5yr5z928jqxw1phki04d1dqdypv7l-haproxy-3.3.0"
        },
        "x86_64-darwin": {
          "outputs": [
            {
              "name": "out",
              "path": "/nix/store/90zy5plpikf2h0ba9q31dpm3h34kqqnj-haproxy-3.3.0",
              "default": true
            }
          ],
          "store_path": "/nix/store/90zy5plpikf2h0ba9q31dpm3h34kqqnj-haproxy-3.3.0"
        },
        "x86_64-linux": {
          "outputs": [
            {
              "name": "out",
              "path": "/nix/store/6vilqiyipxm3jkhmldri3610yys71wbf-haproxy-3.3.0",
              "default": true
            }
          ],
          "store_path": "/nix/store/6vilqiyipxm3jkhmldri3610yys71wbf-haproxy-3.3.0"
        }
      }
    },
    "inetutils@latest": {
      "last_modified": "2025-11-23T21:50:36Z",
      "resolved": "github:NixOS/nixpkgs/ee09932cedcef15aaf476f9343d1dea2cb77e261#inetutils",
      "source": "devbox-search",
      "version": "2.6",
      "systems": {
        "aarch64-darwin": {
          "outputs": [
            {
              "name": "out",
              "path": "/nix/store/0h0c3d7hnj3cglyfzgrf5v9134nddhdr-inetutils-2.6",
              "default": true
            },
            {
              "name": "apparmor",
              "path": "/nix/store/f4skx7zhxhssj5i81zwj5sd00w219cgk-inetutils-2.6-apparmor"
            }
          ],
          "store_path": "/nix/store/0h0c3d7hnj3cglyfzgrf5v9134nddhdr-inetutils-2.6"
        },
        "aarch64-linux": {
          "outputs": [
            {
              "name": "out",
              "path": "/nix/store/3ph6vm1cpyivrdvqavg6gryq3519p04w-inetutils-2.6",
              "default": true
            },
            {
              "name": "apparmor",
              "path": "/nix/store/bgi763b6h299n9jnl4vz8da21xm8cv6p-inetutils-2.6-apparmor"
            }
          ],
          "store_path": "/nix/store/3ph6vm1cpyivrdvqavg6gryq3519p04w-inetutils-2.6"
        },
        "x86_64-darwin": {
          "outputs": [
            {
              "name": "out",
              "path": "/nix/store/58k1kqfcn20lfr8lkwi4xkmvvafl460n-inetutils-2.6",
              "default": true
            },
            {
              "name": "apparmor",
              "path": "/nix/store/bydv60x6j2l8pr3hwsj4wmnl409dvn4b-inetutils-2.6-apparmor"
            }
          ],
          "store_path": "/nix/store/58k1kqfcn20lfr8lkwi4xkmvvafl460n-inetutils-2.6"
        },
        "x86_64-linux": {
          "outputs": [
            {
              "name": "out",
              "path": "/nix/store/p8gvd1vpzaqprc5ndalym4n7fra47ppx-inetutils-2.6",
              "default": true
            },
            {
              "name": "apparmor",
              "path": "/nix/store/8vf1nn7vak61vml2i9a083yddlk2dvbl-inetutils-2.6-apparmor"
            }
          ],
          "store_path": "/nix/store/p8gvd1vpzaqprc5ndalym4n7fra47ppx-inetutils-2.6"
        }
      }
    },
    "just@latest": {
      "last_modified": "2025-11-23T21:50:36Z",
      "resolved": "github:NixOS/nixpkgs/ee09932cedcef15aaf476f9343d1dea2cb77e261#just",
      "source": "devbox-search",
      "version": "1.43.1",
      "systems": {
        "aarch64-darwin": {
          "outputs": [
            {
              "name": "out",
              "path": "/nix/store/g6cidwix7lzzb0i5lpisvb7gx051qsc1-just-1.43.1",
              "default": true
            },
            {
              "name": "man",
              "path": "/nix/store/y8ggbr7rq06mpqsdckpdsxzhjkspw63g-just-1.43.1-man",
              "default": true
            },
            {
              "name": "doc",
              "path": "/nix/store/g2z02i3a2z17h9cmx04sp7zpzzgzkqh8-just-1.43.1-doc"
            }
          ],
          "store_path": "/nix/store/g6cidwix7lzzb0i5lpisvb7gx051qsc1-just-1.43.1"
        },
        "aarch64-linux": {
          "outputs": [
            {
              "name": "out",
              "path": "/nix/store/ni4jn8rsn0h49lng7hdq6584zc4gpy9l-just-1.43.1",
              "default": true
            },
            {
              "name": "man",
              "path": "/nix/store/59aflmjxv0qbkaqzmjni4yydg873dl5v-just-1.43.1-man",
              "default": true
            },
            {
              "name": "doc",
              "path": "/nix/store/99qn6axss3rk7c681rkhj9zza0ax2i74-just-1.43.1-doc"
            }
          ],
          "store_path": "/nix/store/ni4jn8rsn0h49lng7hdq6584zc4gpy9l-just-1.43.1"
        },
        "x86_64-darwin": {
          "outputs": [
            {
              "name": "out",
              "path": "/nix/store/aa9459rdk1lzj2yd27csaasn9hb98ckr-just-1.43.1",
              "default": true
            },
            {
              "name": "man",
              "path": "/nix/store/j67aa2bj6ssz61x4bh0ga0z1qzzv3prp-just-1.43.1-man",
              "default": true
            },
            {
              "name": "doc",
              "path": "/nix/store/kqx5lgjwpaipi7whnydwkl72alwvn5jz-just-1.43.1-doc"
            }
          ],
          "store_path": "/nix/store/aa9459rdk1lzj2yd27csaasn9hb98ckr-just-1.43.1"
        },
        "x86_64-linux": {
          "outputs": [
            {
              "name": "out",
              "path": "/nix/store/kkmg0vkp9y4jp9yqgzrml0fgac9lfcyq-just-1.43.1",
              "default": true
            },
            {
              "name": "man",
              "path": "/nix/store/ib17hahpg1vpgh1ll0r7nb6rkmilpiil-just-1.43.1-man",
              "default": true
            },
            {
              "name": "doc",
              "path": "/nix/store/idyx9h5gmcnzzqbjb50nwf30i4g1050v-just-1.43.1-doc"
            }
          ],
          "store_path": "/nix/store/kkmg0vkp9y4jp9yqgzrml0fgac9lfcyq-just-1.43.1"
        }
      }
    },
    "kubectl@latest": {
      "last_modified": "2025-12-16T16:49:59Z",
      "resolved": "github:NixOS/nixpkgs/e8d16d2186d6ed9f047eb30948e97e7e01886d10#kubectl",
      "source": "devbox-search",
      "version": "1.34.3",
      "systems": {
        "aarch64-darwin": {
          "outputs": [
            {
              "name": "out",
              "path": "/nix/store/wh7x3h048nvpnz9iv8m2wff57rcbns4h-kubectl-1.34.3",
              "default": true
            },
            {
              "name": "man",
              "path": "/nix/store/0z1gk04zvcpy5zm43j42p9sxdkx9gsap-kubectl-1.34.3-man",
              "default": true
            },
            {
              "name": "convert",
              "path": "/nix/store/sgjynqwjc1bzd9j90x50l1f4k8av0q7y-kubectl-1.34.3-convert"
            }
          ],
          "store_path": "/nix/store/wh7x3h048nvpnz9iv8m2wff57rcbns4h-kubectl-1.34.3"
        },
        "aarch64-linux": {
          "outputs": [
            {
              "name": "out",
              "path": "/nix/store/sm68c4d3gg7sch2fpa3ilmlxilqm9525-kubectl-1.34.3",
              "default": true
            },
            {
              "name": "man",
              "path": "/nix/store/d1ld1hbv276y9342aq4wa3x1mjfsd0wq-kubectl-1.34.3-man",
              "default": true
            },
            {
              "name": "convert",
              "path": "/nix/store/2s84f8b0y40879v5vxarlg8h5i6whjab-kubectl-1.34.3-convert"
            }
          ],
          "store_path": "/nix/store/sm68c4d3gg7sch2fpa3ilmlxilqm9525-kubectl-1.34.3"
        },
        "x86_64-darwin": {
          "outputs": [
            {
              "name": "out",
              "path": "/nix/store/4rbd3ml1ibkbp41vp23p3712m5ziqcfm-kubectl-1.34.3",
              "default": true
            },
            {
              "name": "man",
              "path": "/nix/store/k83zqin5j3879l38dly5w4nfg536p170-kubectl-1.34.3-man",
              "default": true
            },
            {
              "name": "convert",
              "path": "/nix/store/r9dni0s5zc9hka7zbi36jglqlj3n7bgm-kubectl-1.34.3-convert"
            }
          ],
          "store_path": "/nix/store/4rbd3ml1ibkbp41vp23p3712m5ziqcfm-kubectl-1.34.3"
        },
        "x86_64-linux": {
          "outputs": [
            {
              "name": "out",
              "path": "/nix/store/589b0djk7wn3k3chyzp9a6wi6al95wn1-kubectl-1.34.3",
              "default": true
            },
            {
              "name": "man",
              "path": "/nix/store/sc5pab1b1hd20gpvk5rzj638wkgz0pvz-kubectl-1.34.3-man",
              "default": true
            },
            {
              "name": "convert",
              "path": "/nix/store/4cyp95klz5fvnfsizj2n93mfbhmg7v39-kubectl-1.34.3-convert"
            }
          ],
          "store_path": "/nix/store/589b0djk7wn3k3chyzp9a6wi6al95wn1-kubectl-1.34.3"
        }
      }
    },
    "kubelogin-oidc@latest": {
      "last_modified": "2025-11-29T19:37:08Z",
      "resolved": "github:NixOS/nixpkgs/a09378c0108815dbf3961a0e085936f4146ec415#kubelogin-oidc",
      "source": "devbox-search",
      "version": "1.35.0",
      "systems": {
        "aarch64-darwin": {
          "outputs": [
            {
              "name": "out",
              "path": "/nix/store/rr7nl4xaa9sxh6nkk1v9a24wmamhiglq-kubelogin-1.35.0",
              "default": true
            }
          ],
          "store_path": "/nix/store/rr7nl4xaa9sxh6nkk1v9a24wmamhiglq-kubelogin-1.35.0"
        },
        "aarch64-linux": {
          "outputs": [
            {
              "name": "out",
              "path": "/nix/store/iiwjsfk04nhdcprm97i1p6j2mjrjh47n-kubelogin-1.35.0",
              "default": true
            }
          ],
          "store_path": "/nix/store/iiwjsfk04nhdcprm97i1p6j2mjrjh47n-kubelogin-1.35.0"
        },
        "x86_64-darwin": {
          "outputs": [
            {
              "name": "out",
              "path": "/nix/store/gddcnhq9676k5kjl4mg8fh0m9ckkaad6-kubelogin-1.35.0",
              "default": true
            }
          ],
          "store_path": "/nix/store/gddcnhq9676k5kjl4mg8fh0m9ckkaad6-kubelogin-1.35.0"
        },
        "x86_64-linux": {
          "outputs": [
            {
              "name": "out",
              "path": "/nix/store/97hi0c0s8r1yiblg2cnxx23w934bd9nc-kubelogin-1.35.0",
              "default": true
            }
          ],
          "store_path": "/nix/store/97hi0c0s8r1yiblg2cnxx23w934bd9nc-kubelogin-1.35.0"
        }
      }
    },
    "kubernetes-helm@latest": {
      "last_modified": "2025-11-23T21:50:36Z",
      "resolved": "github:NixOS/nixpkgs/ee09932cedcef15aaf476f9343d1dea2cb77e261#kubernetes-helm",
      "source": "devbox-search",
      "version": "3.19.1",
      "systems": {
        "aarch64-darwin": {
          "outputs": [
            {
              "name": "out",
              "path": "/nix/store/xx21h4bmbmhncdlhw5q7gp3wx50x0y5g-kubernetes-helm-3.19.1",
              "default": true
            }
          ],
          "store_path": "/nix/store/xx21h4bmbmhncdlhw5q7gp3wx50x0y5g-kubernetes-helm-3.19.1"
        },
        "aarch64-linux": {
          "outputs": [
            {
              "name": "out",
              "path": "/nix/store/s702f0l23v078mm6jkrbc7bx0qpjrzwm-kubernetes-helm-3.19.1",
              "default": true
            }
          ],
          "store_path": "/nix/store/s702f0l23v078mm6jkrbc7bx0qpjrzwm-kubernetes-helm-3.19.1"
        },
        "x86_64-darwin": {
          "outputs": [
            {
              "name": "out",
              "path": "/nix/store/z2is6ibqddfxx8mb1hybly00hb902h85-kubernetes-helm-3.19.1",
              "default": true
            }
          ],
          "store_path": "/nix/store/z2is6ibqddfxx8mb1hybly00hb902h85-kubernetes-helm-3.19.1"
        },
        "x86_64-linux": {
          "outputs": [
            {
              "name": "out",
              "path": "/nix/store/b7g7s0jpfs93g7s1b556166mcswbkmcx-kubernetes-helm-3.19.1",
              "default": true
            }
          ],
          "store_path": "/nix/store/b7g7s0jpfs93g7s1b556166mcswbkmcx-kubernetes-helm-3.19.1"
        }
      }
    },
    "moreutils@latest": {
      "last_modified": "2025-11-23T21:50:36Z",
      "resolved": "github:NixOS/nixpkgs/ee09932cedcef15aaf476f9343d1dea2cb77e261#moreutils",
      "source": "devbox-search",
      "version": "0.70",
      "systems": {
        "aarch64-darwin": {
          "outputs": [
            {
              "name": "out",
              "path": "/nix/store/jybph60vc621kgq646swmrm3rnh0wxv3-moreutils-0.70",
              "default": true
            }
          ],
          "store_path": "/nix/store/jybph60vc621kgq646swmrm3rnh0wxv3-moreutils-0.70"
        },
        "aarch64-linux": {
          "outputs": [
            {
              "name": "out",
              "path": "/nix/store/pafjlrhdyl7p2xx2kk47yhlhcamf4y27-moreutils-0.70",
              "default": true
            }
          ],
          "store_path": "/nix/store/pafjlrhdyl7p2xx2kk47yhlhcamf4y27-moreutils-0.70"
        },
        "x86_64-darwin": {
          "outputs": [
            {
              "name": "out",
              "path": "/nix/store/lnww813xgbd4p9s7sqbkzjd8avzvl5gq-moreutils-0.70",
              "default": true
            }
          ],
          "store_path": "/nix/store/lnww813xgbd4p9s7sqbkzjd8avzvl5gq-moreutils-0.70"
        },
        "x86_64-linux": {
          "outputs": [
            {
              "name": "out",
              "path": "/nix/store/gwjd55fki0ml4ssiif3pg0x6nbg614h2-moreutils-0.70",
              "default": true
            }
          ],
          "store_path": "/nix/store/gwjd55fki0ml4ssiif3pg0x6nbg614h2-moreutils-0.70"
        }
      }
    },
    "opentofu@latest": {
      "last_modified": "2025-12-21T10:48:17Z",
      "resolved": "github:NixOS/nixpkgs/306ea70f9eb0fb4e040f8540e2deab32ed7e2055#opentofu",
      "source": "devbox-search",
      "version": "1.11.2",
      "systems": {
        "aarch64-darwin": {
          "outputs": [
            {
              "name": "out",
              "path": "/nix/store/nljjhv4di9zyl215hjarm34pkgsmzqvv-opentofu-1.11.2",
              "default": true
            }
          ],
          "store_path": "/nix/store/nljjhv4di9zyl215hjarm34pkgsmzqvv-opentofu-1.11.2"
        },
        "aarch64-linux": {
          "outputs": [
            {
              "name": "out",
              "path": "/nix/store/bybfj82asfqjcq0y4af2h7vmvc90zwmq-opentofu-1.11.2",
              "default": true
            }
          ],
          "store_path": "/nix/store/bybfj82asfqjcq0y4af2h7vmvc90zwmq-opentofu-1.11.2"
        },
        "x86_64-darwin": {
          "outputs": [
            {
              "name": "out",
              "path": "/nix/store/ga61l5ip56whchqhahahwsljfblxqxw7-opentofu-1.11.2",
              "default": true
            }
          ],
          "store_path": "/nix/store/ga61l5ip56whchqhahahwsljfblxqxw7-opentofu-1.11.2"
        },
        "x86_64-linux": {
          "outputs": [
            {
              "name": "out",
              "path": "/nix/store/q4zi2lmlimzxv7mix9manl763zhzvnmp-opentofu-1.11.2",
              "default": true
            }
          ],
          "store_path": "/nix/store/q4zi2lmlimzxv7mix9manl763zhzvnmp-opentofu-1.11.2"
        }
      }
    },
    "talosctl@latest": {
      "last_modified": "2025-12-21T10:48:17Z",
      "resolved": "github:NixOS/nixpkgs/306ea70f9eb0fb4e040f8540e2deab32ed7e2055#talosctl",
      "source": "devbox-search",
      "version": "1.11.6",
      "systems": {
        "aarch64-darwin": {
          "outputs": [
            {
              "name": "out",
              "path": "/nix/store/fa6qn4fkzm9ks716aldk4bqiym254gsn-talosctl-1.11.6",
              "default": true
            }
          ],
          "store_path": "/nix/store/fa6qn4fkzm9ks716aldk4bqiym254gsn-talosctl-1.11.6"
        },
        "aarch64-linux": {
          "outputs": [
            {
              "name": "out",
              "path": "/nix/store/aaqjkmnvb3py1qclmkh4sszj988fhj1y-talosctl-1.11.6",
              "default": true
            }
          ],
          "store_path": "/nix/store/aaqjkmnvb3py1qclmkh4sszj988fhj1y-talosctl-1.11.6"
        },
        "x86_64-darwin": {
          "outputs": [
            {
              "name": "out",
              "path": "/nix/store/0cli85l4pb3928il5dm3a3kn2f019g79-talosctl-1.11.6",
              "default": true
            }
          ],
          "store_path": "/nix/store/0cli85l4pb3928il5dm3a3kn2f019g79-talosctl-1.11.6"
        },
        "x86_64-linux": {
          "outputs": [
            {
              "name": "out",
              "path": "/nix/store/qfkxsg1mxv1s284yjb8xgiw4pqz5mhwp-talosctl-1.11.6",
              "default": true
            }
          ],
          "store_path": "/nix/store/qfkxsg1mxv1s284yjb8xgiw4pqz5mhwp-talosctl-1.11.6"
        }
      }
    },
    "tenv@latest": {
      "last_modified": "2025-12-03T03:51:48Z",
      "resolved": "github:NixOS/nixpkgs/cadcc8de247676e4751c9d4a935acb2c0b059113#tenv",
      "source": "devbox-search",
      "version": "4.9.0",
      "systems": {
        "aarch64-darwin": {
          "outputs": [
            {
              "name": "out",
              "path": "/nix/store/hnp6hnpdnpghnkwrdbk337vv2q9xxjjd-tenv-4.9.0",
              "default": true
            }
          ],
          "store_path": "/nix/store/hnp6hnpdnpghnkwrdbk337vv2q9xxjjd-tenv-4.9.0"
        },
        "aarch64-linux": {
          "outputs": [
            {
              "name": "out",
              "path": "/nix/store/kza7wbb6mbmnhhfbnshs95qszisbakr2-tenv-4.9.0",
              "default": true
            }
          ],
          "store_path": "/nix/store/kza7wbb6mbmnhhfbnshs95qszisbakr2-tenv-4.9.0"
        },
        "x86_64-darwin": {
          "outputs": [
            {
              "name": "out",
              "path": "/nix/store/b477fa6j65vj31qnai7ghk74r7aqriwn-tenv-4.9.0",
              "default": true
            }
          ],
          "store_path": "/nix/store/b477fa6j65vj31qnai7ghk74r7aqriwn-tenv-4.9.0"
        },
        "x86_64-linux": {
          "outputs": [
            {
              "name": "out",
              "path": "/nix/store/n958inazpwjn31cxn2fzxmd4a732qn5p-tenv-4.9.0",
              "default": true
            }
          ],
          "store_path": "/nix/store/n958inazpwjn31cxn2fzxmd4a732qn5p-tenv-4.9.0"
        }
      }
    },
    "tflint@latest": {
      "last_modified": "2025-11-25T14:41:04Z",
      "resolved": "github:NixOS/nixpkgs/dc205f7b4fdb04c8b7877b43edb7b73be7730081#tflint",
      "source": "devbox-search",
      "version": "0.60.0",
      "systems": {
        "aarch64-darwin": {
          "outputs": [
            {
              "name": "out",
              "path": "/nix/store/kv4fz15a9sbhm3vpga1q5pg61ycwgj0m-tflint-0.60.0",
              "default": true
            }
          ],
          "store_path": "/nix/store/kv4fz15a9sbhm3vpga1q5pg61ycwgj0m-tflint-0.60.0"
        },
        "aarch64-linux": {
          "outputs": [
            {
              "name": "out",
              "path": "/nix/store/bl5jcb4gb5nxsyh0w8h0yhm0vx0b7zzw-tflint-0.60.0",
              "default": true
            }
          ],
          "store_path": "/nix/store/bl5jcb4gb5nxsyh0w8h0yhm0vx0b7zzw-tflint-0.60.0"
        },
        "x86_64-darwin": {
          "outputs": [
            {
              "name": "out",
              "path": "/nix/store/pg7y4c5pz31pyx3xkj79pxfyw35v8mbv-tflint-0.60.0",
              "default": true
            }
          ],
          "store_path": "/nix/store/pg7y4c5pz31pyx3xkj79pxfyw35v8mbv-tflint-0.60.0"
        },
        "x86_64-linux": {
          "outputs": [
            {
              "name": "out",
              "path": "/nix/store/dfjpfp786sd84k93hr7ca80yqjwh9mha-tflint-0.60.0",
              "default": true
            }
          ],
          "store_path": "/nix/store/dfjpfp786sd84k93hr7ca80yqjwh9mha-tflint-0.60.0"
        }
      }
    }
  }
}
